// !$*UTF8*$!
{
	archiveVersion = 1;
	classes = {
	};
	objectVersion = 56;
	objects = {

/* Begin PBXBuildFile section */
		8403D22D2AB901E1007F9828 /* AppCoordinator.swift in Sources */ = {isa = PBXBuildFile; fileRef = 8403D22C2AB901E1007F9828 /* AppCoordinator.swift */; };
		8403D22F2AB9070D007F9828 /* PlayerListCoordinator.swift in Sources */ = {isa = PBXBuildFile; fileRef = 8403D22E2AB9070D007F9828 /* PlayerListCoordinator.swift */; };
		84C19EEB2AB85DA10000FD41 /* PlayerDetailModel.swift in Sources */ = {isa = PBXBuildFile; fileRef = 84C19EEA2AB85DA10000FD41 /* PlayerDetailModel.swift */; };
		84C19EF02AB88C7D0000FD41 /* PlayerStatsViewModel.swift in Sources */ = {isa = PBXBuildFile; fileRef = 84C19EEF2AB88C7D0000FD41 /* PlayerStatsViewModel.swift */; };
		84C19EF22AB88C970000FD41 /* PlayerStatsViewController.swift in Sources */ = {isa = PBXBuildFile; fileRef = 84C19EF12AB88C970000FD41 /* PlayerStatsViewController.swift */; };
		84C19EF52AB895E50000FD41 /* PlayerInfoView.swift in Sources */ = {isa = PBXBuildFile; fileRef = 84C19EF42AB895E50000FD41 /* PlayerInfoView.swift */; };
		84C19EF82AB89B320000FD41 /* UIButton.swift in Sources */ = {isa = PBXBuildFile; fileRef = 84C19EF72AB89B320000FD41 /* UIButton.swift */; };
		84C19EFA2AB8AA6D0000FD41 /* BallsDontLieStatsProvider.swift in Sources */ = {isa = PBXBuildFile; fileRef = 84C19EF92AB8AA6D0000FD41 /* BallsDontLieStatsProvider.swift */; };
		84CFFF632AB7655C00FF6D3C /* AppDelegate.swift in Sources */ = {isa = PBXBuildFile; fileRef = 84CFFF622AB7655C00FF6D3C /* AppDelegate.swift */; };
		84CFFF6C2AB7655F00FF6D3C /* Assets.xcassets in Resources */ = {isa = PBXBuildFile; fileRef = 84CFFF6B2AB7655F00FF6D3C /* Assets.xcassets */; };
		84CFFF6F2AB7655F00FF6D3C /* LaunchScreen.storyboard in Resources */ = {isa = PBXBuildFile; fileRef = 84CFFF6D2AB7655F00FF6D3C /* LaunchScreen.storyboard */; };
		84CFFF7E2AB7869200FF6D3C /* PlayerListViewController.swift in Sources */ = {isa = PBXBuildFile; fileRef = 84CFFF7D2AB7869200FF6D3C /* PlayerListViewController.swift */; };
		84CFFF802AB786B800FF6D3C /* PlayerListViewModel.swift in Sources */ = {isa = PBXBuildFile; fileRef = 84CFFF7F2AB786B800FF6D3C /* PlayerListViewModel.swift */; };
		84CFFF822AB786DA00FF6D3C /* PlayerListModel.swift in Sources */ = {isa = PBXBuildFile; fileRef = 84CFFF812AB786DA00FF6D3C /* PlayerListModel.swift */; };
		84CFFF842AB786EC00FF6D3C /* PlayersProvider.swift in Sources */ = {isa = PBXBuildFile; fileRef = 84CFFF832AB786EC00FF6D3C /* PlayersProvider.swift */; };
		84CFFF862AB786FD00FF6D3C /* Player.swift in Sources */ = {isa = PBXBuildFile; fileRef = 84CFFF852AB786FD00FF6D3C /* Player.swift */; };
		84CFFF882AB7871000FF6D3C /* StatsProvider.swift in Sources */ = {isa = PBXBuildFile; fileRef = 84CFFF872AB7871000FF6D3C /* StatsProvider.swift */; };
		84CFFF8A2AB7871D00FF6D3C /* PlayerStats.swift in Sources */ = {isa = PBXBuildFile; fileRef = 84CFFF892AB7871D00FF6D3C /* PlayerStats.swift */; };
		84CFFF8C2AB7875A00FF6D3C /* AboutViewController.swift in Sources */ = {isa = PBXBuildFile; fileRef = 84CFFF8B2AB7875A00FF6D3C /* AboutViewController.swift */; };
		84CFFF8F2AB7878B00FF6D3C /* BallsDontLiePlayersProvider.swift in Sources */ = {isa = PBXBuildFile; fileRef = 84CFFF8E2AB7878B00FF6D3C /* BallsDontLiePlayersProvider.swift */; };
		84CFFF912AB7C54900FF6D3C /* AboutViewModel.swift in Sources */ = {isa = PBXBuildFile; fileRef = 84CFFF902AB7C54900FF6D3C /* AboutViewModel.swift */; };
		84CFFF932AB7CC9000FF6D3C /* PlayerDetailViewModel.swift in Sources */ = {isa = PBXBuildFile; fileRef = 84CFFF922AB7CC9000FF6D3C /* PlayerDetailViewModel.swift */; };
		84CFFF952AB7CC9F00FF6D3C /* PlayerDetailViewController.swift in Sources */ = {isa = PBXBuildFile; fileRef = 84CFFF942AB7CC9F00FF6D3C /* PlayerDetailViewController.swift */; };
/* End PBXBuildFile section */

/* Begin PBXFileReference section */
		8403D22C2AB901E1007F9828 /* AppCoordinator.swift */ = {isa = PBXFileReference; lastKnownFileType = sourcecode.swift; path = AppCoordinator.swift; sourceTree = "<group>"; };
		8403D22E2AB9070D007F9828 /* PlayerListCoordinator.swift */ = {isa = PBXFileReference; lastKnownFileType = sourcecode.swift; path = PlayerListCoordinator.swift; sourceTree = "<group>"; };
		84C19EEA2AB85DA10000FD41 /* PlayerDetailModel.swift */ = {isa = PBXFileReference; lastKnownFileType = sourcecode.swift; path = PlayerDetailModel.swift; sourceTree = "<group>"; };
		84C19EEF2AB88C7D0000FD41 /* PlayerStatsViewModel.swift */ = {isa = PBXFileReference; lastKnownFileType = sourcecode.swift; path = PlayerStatsViewModel.swift; sourceTree = "<group>"; };
		84C19EF12AB88C970000FD41 /* PlayerStatsViewController.swift */ = {isa = PBXFileReference; lastKnownFileType = sourcecode.swift; path = PlayerStatsViewController.swift; sourceTree = "<group>"; };
		84C19EF42AB895E50000FD41 /* PlayerInfoView.swift */ = {isa = PBXFileReference; lastKnownFileType = sourcecode.swift; path = PlayerInfoView.swift; sourceTree = "<group>"; };
		84C19EF72AB89B320000FD41 /* UIButton.swift */ = {isa = PBXFileReference; lastKnownFileType = sourcecode.swift; path = UIButton.swift; sourceTree = "<group>"; };
		84C19EF92AB8AA6D0000FD41 /* BallsDontLieStatsProvider.swift */ = {isa = PBXFileReference; lastKnownFileType = sourcecode.swift; path = BallsDontLieStatsProvider.swift; sourceTree = "<group>"; };
		84CFFF5F2AB7655C00FF6D3C /* PlayersBrowser.app */ = {isa = PBXFileReference; explicitFileType = wrapper.application; includeInIndex = 0; path = PlayersBrowser.app; sourceTree = BUILT_PRODUCTS_DIR; };
		84CFFF622AB7655C00FF6D3C /* AppDelegate.swift */ = {isa = PBXFileReference; lastKnownFileType = sourcecode.swift; path = AppDelegate.swift; sourceTree = "<group>"; };
		84CFFF6B2AB7655F00FF6D3C /* Assets.xcassets */ = {isa = PBXFileReference; lastKnownFileType = folder.assetcatalog; path = Assets.xcassets; sourceTree = "<group>"; };
		84CFFF6E2AB7655F00FF6D3C /* Base */ = {isa = PBXFileReference; lastKnownFileType = file.storyboard; name = Base; path = Base.lproj/LaunchScreen.storyboard; sourceTree = "<group>"; };
		84CFFF702AB7655F00FF6D3C /* Info.plist */ = {isa = PBXFileReference; lastKnownFileType = text.plist.xml; path = Info.plist; sourceTree = "<group>"; };
		84CFFF7D2AB7869200FF6D3C /* PlayerListViewController.swift */ = {isa = PBXFileReference; lastKnownFileType = sourcecode.swift; path = PlayerListViewController.swift; sourceTree = "<group>"; };
		84CFFF7F2AB786B800FF6D3C /* PlayerListViewModel.swift */ = {isa = PBXFileReference; lastKnownFileType = sourcecode.swift; path = PlayerListViewModel.swift; sourceTree = "<group>"; };
		84CFFF812AB786DA00FF6D3C /* PlayerListModel.swift */ = {isa = PBXFileReference; lastKnownFileType = sourcecode.swift; path = PlayerListModel.swift; sourceTree = "<group>"; };
		84CFFF832AB786EC00FF6D3C /* PlayersProvider.swift */ = {isa = PBXFileReference; lastKnownFileType = sourcecode.swift; path = PlayersProvider.swift; sourceTree = "<group>"; };
		84CFFF852AB786FD00FF6D3C /* Player.swift */ = {isa = PBXFileReference; lastKnownFileType = sourcecode.swift; path = Player.swift; sourceTree = "<group>"; };
		84CFFF872AB7871000FF6D3C /* StatsProvider.swift */ = {isa = PBXFileReference; lastKnownFileType = sourcecode.swift; path = StatsProvider.swift; sourceTree = "<group>"; };
		84CFFF892AB7871D00FF6D3C /* PlayerStats.swift */ = {isa = PBXFileReference; lastKnownFileType = sourcecode.swift; path = PlayerStats.swift; sourceTree = "<group>"; };
		84CFFF8B2AB7875A00FF6D3C /* AboutViewController.swift */ = {isa = PBXFileReference; lastKnownFileType = sourcecode.swift; path = AboutViewController.swift; sourceTree = "<group>"; };
		84CFFF8E2AB7878B00FF6D3C /* BallsDontLiePlayersProvider.swift */ = {isa = PBXFileReference; lastKnownFileType = sourcecode.swift; path = BallsDontLiePlayersProvider.swift; sourceTree = "<group>"; };
		84CFFF902AB7C54900FF6D3C /* AboutViewModel.swift */ = {isa = PBXFileReference; lastKnownFileType = sourcecode.swift; path = AboutViewModel.swift; sourceTree = "<group>"; };
		84CFFF922AB7CC9000FF6D3C /* PlayerDetailViewModel.swift */ = {isa = PBXFileReference; lastKnownFileType = sourcecode.swift; path = PlayerDetailViewModel.swift; sourceTree = "<group>"; };
		84CFFF942AB7CC9F00FF6D3C /* PlayerDetailViewController.swift */ = {isa = PBXFileReference; lastKnownFileType = sourcecode.swift; path = PlayerDetailViewController.swift; sourceTree = "<group>"; };
/* End PBXFileReference section */

/* Begin PBXFrameworksBuildPhase section */
		84CFFF5C2AB7655C00FF6D3C /* Frameworks */ = {
			isa = PBXFrameworksBuildPhase;
			buildActionMask = 2147483647;
			files = (
			);
			runOnlyForDeploymentPostprocessing = 0;
		};
/* End PBXFrameworksBuildPhase section */

/* Begin PBXGroup section */
		84C19EEE2AB88C670000FD41 /* PlayerStats */ = {
			isa = PBXGroup;
			children = (
				84C19EF12AB88C970000FD41 /* PlayerStatsViewController.swift */,
				84C19EEF2AB88C7D0000FD41 /* PlayerStatsViewModel.swift */,
			);
			path = PlayerStats;
			sourceTree = "<group>";
		};
		84C19EF32AB895B90000FD41 /* ViewComponents */ = {
			isa = PBXGroup;
			children = (
				84C19EF42AB895E50000FD41 /* PlayerInfoView.swift */,
			);
			path = ViewComponents;
			sourceTree = "<group>";
		};
		84C19EF62AB89B230000FD41 /* Misc */ = {
			isa = PBXGroup;
			children = (
				84C19EF72AB89B320000FD41 /* UIButton.swift */,
			);
			path = Misc;
			sourceTree = "<group>";
		};
		84CFFF562AB7655C00FF6D3C = {
			isa = PBXGroup;
			children = (
				84CFFF612AB7655C00FF6D3C /* PlayersBrowser */,
				84CFFF602AB7655C00FF6D3C /* Products */,
			);
			sourceTree = "<group>";
		};
		84CFFF602AB7655C00FF6D3C /* Products */ = {
			isa = PBXGroup;
			children = (
				84CFFF5F2AB7655C00FF6D3C /* PlayersBrowser.app */,
			);
			name = Products;
			sourceTree = "<group>";
		};
		84CFFF612AB7655C00FF6D3C /* PlayersBrowser */ = {
			isa = PBXGroup;
			children = (
				84CFFF762AB785AC00FF6D3C /* Domain */,
				84CFFF772AB785B200FF6D3C /* Application */,
				84CFFF6B2AB7655F00FF6D3C /* Assets.xcassets */,
				84CFFF6D2AB7655F00FF6D3C /* LaunchScreen.storyboard */,
				84CFFF702AB7655F00FF6D3C /* Info.plist */,
			);
			path = PlayersBrowser;
			sourceTree = "<group>";
		};
		84CFFF762AB785AC00FF6D3C /* Domain */ = {
			isa = PBXGroup;
			children = (
				84CFFF832AB786EC00FF6D3C /* PlayersProvider.swift */,
				84CFFF852AB786FD00FF6D3C /* Player.swift */,
				84CFFF872AB7871000FF6D3C /* StatsProvider.swift */,
				84CFFF892AB7871D00FF6D3C /* PlayerStats.swift */,
			);
			path = Domain;
			sourceTree = "<group>";
		};
		84CFFF772AB785B200FF6D3C /* Application */ = {
			isa = PBXGroup;
			children = (
				84CFFF782AB785CB00FF6D3C /* PlayerList */,
				84CFFF7A2AB7861400FF6D3C /* About */,
				84CFFF8D2AB7877600FF6D3C /* Service */,
				84C19EF62AB89B230000FD41 /* Misc */,
				8403D22C2AB901E1007F9828 /* AppCoordinator.swift */,
				84CFFF622AB7655C00FF6D3C /* AppDelegate.swift */,
			);
			path = Application;
			sourceTree = "<group>";
		};
		84CFFF782AB785CB00FF6D3C /* PlayerList */ = {
			isa = PBXGroup;
			children = (
				84CFFF792AB785D300FF6D3C /* PlayerDetail */,
				84C19EEE2AB88C670000FD41 /* PlayerStats */,
				84C19EF32AB895B90000FD41 /* ViewComponents */,
				8403D22E2AB9070D007F9828 /* PlayerListCoordinator.swift */,
				84CFFF7D2AB7869200FF6D3C /* PlayerListViewController.swift */,
				84CFFF7F2AB786B800FF6D3C /* PlayerListViewModel.swift */,
				84CFFF812AB786DA00FF6D3C /* PlayerListModel.swift */,
			);
			path = PlayerList;
			sourceTree = "<group>";
		};
		84CFFF792AB785D300FF6D3C /* PlayerDetail */ = {
			isa = PBXGroup;
			children = (
				84CFFF942AB7CC9F00FF6D3C /* PlayerDetailViewController.swift */,
				84CFFF922AB7CC9000FF6D3C /* PlayerDetailViewModel.swift */,
				84C19EEA2AB85DA10000FD41 /* PlayerDetailModel.swift */,
			);
			path = PlayerDetail;
			sourceTree = "<group>";
		};
		84CFFF7A2AB7861400FF6D3C /* About */ = {
			isa = PBXGroup;
			children = (
				84CFFF8B2AB7875A00FF6D3C /* AboutViewController.swift */,
				84CFFF902AB7C54900FF6D3C /* AboutViewModel.swift */,
			);
			path = About;
			sourceTree = "<group>";
		};
		84CFFF8D2AB7877600FF6D3C /* Service */ = {
			isa = PBXGroup;
			children = (
				84CFFF8E2AB7878B00FF6D3C /* BallsDontLiePlayersProvider.swift */,
				84C19EF92AB8AA6D0000FD41 /* BallsDontLieStatsProvider.swift */,
			);
			path = Service;
			sourceTree = "<group>";
		};
/* End PBXGroup section */

/* Begin PBXNativeTarget section */
		84CFFF5E2AB7655C00FF6D3C /* PlayersBrowser */ = {
			isa = PBXNativeTarget;
			buildConfigurationList = 84CFFF732AB7655F00FF6D3C /* Build configuration list for PBXNativeTarget "PlayersBrowser" */;
			buildPhases = (
				84CFFF5B2AB7655C00FF6D3C /* Sources */,
				84CFFF5C2AB7655C00FF6D3C /* Frameworks */,
				84CFFF5D2AB7655C00FF6D3C /* Resources */,
			);
			buildRules = (
			);
			dependencies = (
			);
			name = PlayersBrowser;
			productName = PlayersBrowser;
			productReference = 84CFFF5F2AB7655C00FF6D3C /* PlayersBrowser.app */;
			productType = "com.apple.product-type.application";
		};
/* End PBXNativeTarget section */

/* Begin PBXProject section */
		84CFFF572AB7655C00FF6D3C /* Project object */ = {
			isa = PBXProject;
			attributes = {
				BuildIndependentTargetsInParallel = 1;
				LastSwiftUpdateCheck = 1430;
				LastUpgradeCheck = 1430;
				TargetAttributes = {
					84CFFF5E2AB7655C00FF6D3C = {
						CreatedOnToolsVersion = 14.3;
					};
				};
			};
			buildConfigurationList = 84CFFF5A2AB7655C00FF6D3C /* Build configuration list for PBXProject "PlayersBrowser" */;
			compatibilityVersion = "Xcode 14.0";
			developmentRegion = en;
			hasScannedForEncodings = 0;
			knownRegions = (
				en,
				Base,
			);
			mainGroup = 84CFFF562AB7655C00FF6D3C;
			productRefGroup = 84CFFF602AB7655C00FF6D3C /* Products */;
			projectDirPath = "";
			projectRoot = "";
			targets = (
				84CFFF5E2AB7655C00FF6D3C /* PlayersBrowser */,
			);
		};
/* End PBXProject section */

/* Begin PBXResourcesBuildPhase section */
		84CFFF5D2AB7655C00FF6D3C /* Resources */ = {
			isa = PBXResourcesBuildPhase;
			buildActionMask = 2147483647;
			files = (
				84CFFF6F2AB7655F00FF6D3C /* LaunchScreen.storyboard in Resources */,
				84CFFF6C2AB7655F00FF6D3C /* Assets.xcassets in Resources */,
			);
			runOnlyForDeploymentPostprocessing = 0;
		};
/* End PBXResourcesBuildPhase section */

/* Begin PBXSourcesBuildPhase section */
		84CFFF5B2AB7655C00FF6D3C /* Sources */ = {
			isa = PBXSourcesBuildPhase;
			buildActionMask = 2147483647;
			files = (
				8403D22D2AB901E1007F9828 /* AppCoordinator.swift in Sources */,
				84C19EF22AB88C970000FD41 /* PlayerStatsViewController.swift in Sources */,
				84CFFF822AB786DA00FF6D3C /* PlayerListModel.swift in Sources */,
				84CFFF882AB7871000FF6D3C /* StatsProvider.swift in Sources */,
				84CFFF632AB7655C00FF6D3C /* AppDelegate.swift in Sources */,
				8403D22F2AB9070D007F9828 /* PlayerListCoordinator.swift in Sources */,
				84C19EEB2AB85DA10000FD41 /* PlayerDetailModel.swift in Sources */,
				84CFFF842AB786EC00FF6D3C /* PlayersProvider.swift in Sources */,
				84CFFF7E2AB7869200FF6D3C /* PlayerListViewController.swift in Sources */,
				84C19EF52AB895E50000FD41 /* PlayerInfoView.swift in Sources */,
				84CFFF8C2AB7875A00FF6D3C /* AboutViewController.swift in Sources */,
				84C19EF82AB89B320000FD41 /* UIButton.swift in Sources */,
				84C19EF02AB88C7D0000FD41 /* PlayerStatsViewModel.swift in Sources */,
				84CFFF952AB7CC9F00FF6D3C /* PlayerDetailViewController.swift in Sources */,
				84CFFF932AB7CC9000FF6D3C /* PlayerDetailViewModel.swift in Sources */,
				84CFFF862AB786FD00FF6D3C /* Player.swift in Sources */,
				84CFFF8F2AB7878B00FF6D3C /* BallsDontLiePlayersProvider.swift in Sources */,
				84CFFF8A2AB7871D00FF6D3C /* PlayerStats.swift in Sources */,
				84C19EFA2AB8AA6D0000FD41 /* BallsDontLieStatsProvider.swift in Sources */,
				84CFFF802AB786B800FF6D3C /* PlayerListViewModel.swift in Sources */,
				84CFFF912AB7C54900FF6D3C /* AboutViewModel.swift in Sources */,
			);
			runOnlyForDeploymentPostprocessing = 0;
		};
/* End PBXSourcesBuildPhase section */

/* Begin PBXVariantGroup section */
		84CFFF6D2AB7655F00FF6D3C /* LaunchScreen.storyboard */ = {
			isa = PBXVariantGroup;
			children = (
				84CFFF6E2AB7655F00FF6D3C /* Base */,
			);
			name = LaunchScreen.storyboard;
			sourceTree = "<group>";
		};
/* End PBXVariantGroup section */

/* Begin XCBuildConfiguration section */
		84CFFF712AB7655F00FF6D3C /* Debug */ = {
			isa = XCBuildConfiguration;
			buildSettings = {
				ALWAYS_SEARCH_USER_PATHS = NO;
				CLANG_ANALYZER_NONNULL = YES;
				CLANG_ANALYZER_NUMBER_OBJECT_CONVERSION = YES_AGGRESSIVE;
				CLANG_CXX_LANGUAGE_STANDARD = "gnu++20";
				CLANG_ENABLE_MODULES = YES;
				CLANG_ENABLE_OBJC_ARC = YES;
				CLANG_ENABLE_OBJC_WEAK = YES;
				CLANG_WARN_BLOCK_CAPTURE_AUTORELEASING = YES;
				CLANG_WARN_BOOL_CONVERSION = YES;
				CLANG_WARN_COMMA = YES;
				CLANG_WARN_CONSTANT_CONVERSION = YES;
				CLANG_WARN_DEPRECATED_OBJC_IMPLEMENTATIONS = YES;
				CLANG_WARN_DIRECT_OBJC_ISA_USAGE = YES_ERROR;
				CLANG_WARN_DOCUMENTATION_COMMENTS = YES;
				CLANG_WARN_EMPTY_BODY = YES;
				CLANG_WARN_ENUM_CONVERSION = YES;
				CLANG_WARN_INFINITE_RECURSION = YES;
				CLANG_WARN_INT_CONVERSION = YES;
				CLANG_WARN_NON_LITERAL_NULL_CONVERSION = YES;
				CLANG_WARN_OBJC_IMPLICIT_RETAIN_SELF = YES;
				CLANG_WARN_OBJC_LITERAL_CONVERSION = YES;
				CLANG_WARN_OBJC_ROOT_CLASS = YES_ERROR;
				CLANG_WARN_QUOTED_INCLUDE_IN_FRAMEWORK_HEADER = YES;
				CLANG_WARN_RANGE_LOOP_ANALYSIS = YES;
				CLANG_WARN_STRICT_PROTOTYPES = YES;
				CLANG_WARN_SUSPICIOUS_MOVE = YES;
				CLANG_WARN_UNGUARDED_AVAILABILITY = YES_AGGRESSIVE;
				CLANG_WARN_UNREACHABLE_CODE = YES;
				CLANG_WARN__DUPLICATE_METHOD_MATCH = YES;
				COPY_PHASE_STRIP = NO;
				DEBUG_INFORMATION_FORMAT = dwarf;
				ENABLE_STRICT_OBJC_MSGSEND = YES;
				ENABLE_TESTABILITY = YES;
				GCC_C_LANGUAGE_STANDARD = gnu11;
				GCC_DYNAMIC_NO_PIC = NO;
				GCC_NO_COMMON_BLOCKS = YES;
				GCC_OPTIMIZATION_LEVEL = 0;
				GCC_PREPROCESSOR_DEFINITIONS = (
					"DEBUG=1",
					"$(inherited)",
				);
				GCC_WARN_64_TO_32_BIT_CONVERSION = YES;
				GCC_WARN_ABOUT_RETURN_TYPE = YES_ERROR;
				GCC_WARN_UNDECLARED_SELECTOR = YES;
				GCC_WARN_UNINITIALIZED_AUTOS = YES_AGGRESSIVE;
				GCC_WARN_UNUSED_FUNCTION = YES;
				GCC_WARN_UNUSED_VARIABLE = YES;
				IPHONEOS_DEPLOYMENT_TARGET = 16.4;
				MTL_ENABLE_DEBUG_INFO = INCLUDE_SOURCE;
				MTL_FAST_MATH = YES;
				ONLY_ACTIVE_ARCH = YES;
				SDKROOT = iphoneos;
				SWIFT_ACTIVE_COMPILATION_CONDITIONS = DEBUG;
				SWIFT_OPTIMIZATION_LEVEL = "-Onone";
			};
			name = Debug;
		};
		84CFFF722AB7655F00FF6D3C /* Release */ = {
			isa = XCBuildConfiguration;
			buildSettings = {
				ALWAYS_SEARCH_USER_PATHS = NO;
				CLANG_ANALYZER_NONNULL = YES;
				CLANG_ANALYZER_NUMBER_OBJECT_CONVERSION = YES_AGGRESSIVE;
				CLANG_CXX_LANGUAGE_STANDARD = "gnu++20";
				CLANG_ENABLE_MODULES = YES;
				CLANG_ENABLE_OBJC_ARC = YES;
				CLANG_ENABLE_OBJC_WEAK = YES;
				CLANG_WARN_BLOCK_CAPTURE_AUTORELEASING = YES;
				CLANG_WARN_BOOL_CONVERSION = YES;
				CLANG_WARN_COMMA = YES;
				CLANG_WARN_CONSTANT_CONVERSION = YES;
				CLANG_WARN_DEPRECATED_OBJC_IMPLEMENTATIONS = YES;
				CLANG_WARN_DIRECT_OBJC_ISA_USAGE = YES_ERROR;
				CLANG_WARN_DOCUMENTATION_COMMENTS = YES;
				CLANG_WARN_EMPTY_BODY = YES;
				CLANG_WARN_ENUM_CONVERSION = YES;
				CLANG_WARN_INFINITE_RECURSION = YES;
				CLANG_WARN_INT_CONVERSION = YES;
				CLANG_WARN_NON_LITERAL_NULL_CONVERSION = YES;
				CLANG_WARN_OBJC_IMPLICIT_RETAIN_SELF = YES;
				CLANG_WARN_OBJC_LITERAL_CONVERSION = YES;
				CLANG_WARN_OBJC_ROOT_CLASS = YES_ERROR;
				CLANG_WARN_QUOTED_INCLUDE_IN_FRAMEWORK_HEADER = YES;
				CLANG_WARN_RANGE_LOOP_ANALYSIS = YES;
				CLANG_WARN_STRICT_PROTOTYPES = YES;
				CLANG_WARN_SUSPICIOUS_MOVE = YES;
				CLANG_WARN_UNGUARDED_AVAILABILITY = YES_AGGRESSIVE;
				CLANG_WARN_UNREACHABLE_CODE = YES;
				CLANG_WARN__DUPLICATE_METHOD_MATCH = YES;
				COPY_PHASE_STRIP = NO;
				DEBUG_INFORMATION_FORMAT = "dwarf-with-dsym";
				ENABLE_NS_ASSERTIONS = NO;
				ENABLE_STRICT_OBJC_MSGSEND = YES;
				GCC_C_LANGUAGE_STANDARD = gnu11;
				GCC_NO_COMMON_BLOCKS = YES;
				GCC_WARN_64_TO_32_BIT_CONVERSION = YES;
				GCC_WARN_ABOUT_RETURN_TYPE = YES_ERROR;
				GCC_WARN_UNDECLARED_SELECTOR = YES;
				GCC_WARN_UNINITIALIZED_AUTOS = YES_AGGRESSIVE;
				GCC_WARN_UNUSED_FUNCTION = YES;
				GCC_WARN_UNUSED_VARIABLE = YES;
				IPHONEOS_DEPLOYMENT_TARGET = 16.4;
				MTL_ENABLE_DEBUG_INFO = NO;
				MTL_FAST_MATH = YES;
				SDKROOT = iphoneos;
				SWIFT_COMPILATION_MODE = wholemodule;
				SWIFT_OPTIMIZATION_LEVEL = "-O";
				VALIDATE_PRODUCT = YES;
			};
			name = Release;
		};
		84CFFF742AB7655F00FF6D3C /* Debug */ = {
			isa = XCBuildConfiguration;
			buildSettings = {
				ASSETCATALOG_COMPILER_APPICON_NAME = AppIcon;
				ASSETCATALOG_COMPILER_GLOBAL_ACCENT_COLOR_NAME = AccentColor;
				CODE_SIGN_STYLE = Automatic;
				CURRENT_PROJECT_VERSION = 1;
				GENERATE_INFOPLIST_FILE = YES;
				INFOPLIST_FILE = PlayersBrowser/Info.plist;
				INFOPLIST_KEY_CFBundleDisplayName = "Player Browser";
				INFOPLIST_KEY_UIApplicationSupportsIndirectInputEvents = YES;
				INFOPLIST_KEY_UILaunchStoryboardName = LaunchScreen;
				INFOPLIST_KEY_UIMainStoryboardFile = "";
				INFOPLIST_KEY_UISupportedInterfaceOrientations_iPad = "UIInterfaceOrientationPortrait UIInterfaceOrientationPortraitUpsideDown UIInterfaceOrientationLandscapeLeft UIInterfaceOrientationLandscapeRight";
				INFOPLIST_KEY_UISupportedInterfaceOrientations_iPhone = "UIInterfaceOrientationPortrait UIInterfaceOrientationLandscapeLeft UIInterfaceOrientationLandscapeRight";
				LD_RUNPATH_SEARCH_PATHS = (
					"$(inherited)",
					"@executable_path/Frameworks",
				);
				MARKETING_VERSION = 1.0;
				PRODUCT_BUNDLE_IDENTIFIER = com.mukov.PlayersBrowser;
				PRODUCT_NAME = "$(TARGET_NAME)";
				SWIFT_EMIT_LOC_STRINGS = YES;
				SWIFT_VERSION = 5.0;
				TARGETED_DEVICE_FAMILY = "1,2";
			};
			name = Debug;
		};
		84CFFF752AB7655F00FF6D3C /* Release */ = {
			isa = XCBuildConfiguration;
			buildSettings = {
				ASSETCATALOG_COMPILER_APPICON_NAME = AppIcon;
				ASSETCATALOG_COMPILER_GLOBAL_ACCENT_COLOR_NAME = AccentColor;
				CODE_SIGN_STYLE = Automatic;
				CURRENT_PROJECT_VERSION = 1;
				GENERATE_INFOPLIST_FILE = YES;
				INFOPLIST_FILE = PlayersBrowser/Info.plist;
				INFOPLIST_KEY_CFBundleDisplayName = "Player Browser";
				INFOPLIST_KEY_UIApplicationSupportsIndirectInputEvents = YES;
				INFOPLIST_KEY_UILaunchStoryboardName = LaunchScreen;
				INFOPLIST_KEY_UIMainStoryboardFile = "";
				INFOPLIST_KEY_UISupportedInterfaceOrientations_iPad = "UIInterfaceOrientationPortrait UIInterfaceOrientationPortraitUpsideDown UIInterfaceOrientationLandscapeLeft UIInterfaceOrientationLandscapeRight";
				INFOPLIST_KEY_UISupportedInterfaceOrientations_iPhone = "UIInterfaceOrientationPortrait UIInterfaceOrientationLandscapeLeft UIInterfaceOrientationLandscapeRight";
				LD_RUNPATH_SEARCH_PATHS = (
					"$(inherited)",
					"@executable_path/Frameworks",
				);
				MARKETING_VERSION = 1.0;
				PRODUCT_BUNDLE_IDENTIFIER = com.mukov.PlayersBrowser;
				PRODUCT_NAME = "$(TARGET_NAME)";
				SWIFT_EMIT_LOC_STRINGS = YES;
				SWIFT_VERSION = 5.0;
				TARGETED_DEVICE_FAMILY = "1,2";
			};
			name = Release;
		};
/* End XCBuildConfiguration section */

/* Begin XCConfigurationList section */
		84CFFF5A2AB7655C00FF6D3C /* Build configuration list for PBXProject "PlayersBrowser" */ = {
			isa = XCConfigurationList;
			buildConfigurations = (
				84CFFF712AB7655F00FF6D3C /* Debug */,
				84CFFF722AB7655F00FF6D3C /* Release */,
			);
			defaultConfigurationIsVisible = 0;
			defaultConfigurationName = Release;
		};
		84CFFF732AB7655F00FF6D3C /* Build configuration list for PBXNativeTarget "PlayersBrowser" */ = {
			isa = XCConfigurationList;
			buildConfigurations = (
				84CFFF742AB7655F00FF6D3C /* Debug */,
				84CFFF752AB7655F00FF6D3C /* Release */,
			);
			defaultConfigurationIsVisible = 0;
			defaultConfigurationName = Release;
		};
/* End XCConfigurationList section */
	};
	rootObject = 84CFFF572AB7655C00FF6D3C /* Project object */;
}
